// !$*UTF8*$!
{
	archiveVersion = 1;
	classes = {
	};
	objectVersion = 46;
	objects = {

/* Begin PBXBuildFile section */
		53BDF6B21BB25002003C0A58 /* AppDelegate.swift in Sources */ = {isa = PBXBuildFile; fileRef = 53BDF6B11BB25002003C0A58 /* AppDelegate.swift */; };
		53BDF6B41BB25002003C0A58 /* ViewController.swift in Sources */ = {isa = PBXBuildFile; fileRef = 53BDF6B31BB25002003C0A58 /* ViewController.swift */; };
		53BDF6B71BB25002003C0A58 /* Main.storyboard in Resources */ = {isa = PBXBuildFile; fileRef = 53BDF6B51BB25002003C0A58 /* Main.storyboard */; };
		53BDF6B91BB25002003C0A58 /* Assets.xcassets in Resources */ = {isa = PBXBuildFile; fileRef = 53BDF6B81BB25002003C0A58 /* Assets.xcassets */; };
		53BDF6BC1BB25002003C0A58 /* LaunchScreen.storyboard in Resources */ = {isa = PBXBuildFile; fileRef = 53BDF6BA1BB25002003C0A58 /* LaunchScreen.storyboard */; };
		53BDF6C71BB25002003C0A58 /* PhotoAlbumBrowserTests.swift in Sources */ = {isa = PBXBuildFile; fileRef = 53BDF6C61BB25002003C0A58 /* PhotoAlbumBrowserTests.swift */; };
		53BDF6D21BB25003003C0A58 /* PhotoAlbumBrowserUITests.swift in Sources */ = {isa = PBXBuildFile; fileRef = 53BDF6D11BB25003003C0A58 /* PhotoAlbumBrowserUITests.swift */; };
		53BDF6E01BB2530E003C0A58 /* Photos.framework in Frameworks */ = {isa = PBXBuildFile; fileRef = 53BDF6DF1BB2530E003C0A58 /* Photos.framework */; };
		53BDF6E21BB27989003C0A58 /* ListMediaViewcontrollerViewController.swift in Sources */ = {isa = PBXBuildFile; fileRef = 53BDF6E11BB27989003C0A58 /* ListMediaViewcontrollerViewController.swift */; settings = {ASSET_TAGS = (); }; };
		53BDF6E31BB27989003C0A58 /* ListMediaViewcontrollerViewController.swift in Sources */ = {isa = PBXBuildFile; fileRef = 53BDF6E11BB27989003C0A58 /* ListMediaViewcontrollerViewController.swift */; settings = {ASSET_TAGS = (); }; };
		53BDF6E41BB27989003C0A58 /* ListMediaViewcontrollerViewController.swift in Sources */ = {isa = PBXBuildFile; fileRef = 53BDF6E11BB27989003C0A58 /* ListMediaViewcontrollerViewController.swift */; settings = {ASSET_TAGS = (); }; };
		53BDF6E61BB27A90003C0A58 /* MediaCollectionViewCell.swift in Sources */ = {isa = PBXBuildFile; fileRef = 53BDF6E51BB27A90003C0A58 /* MediaCollectionViewCell.swift */; settings = {ASSET_TAGS = (); }; };
		53BDF6E71BB27A90003C0A58 /* MediaCollectionViewCell.swift in Sources */ = {isa = PBXBuildFile; fileRef = 53BDF6E51BB27A90003C0A58 /* MediaCollectionViewCell.swift */; settings = {ASSET_TAGS = (); }; };
		53BDF6E81BB27A90003C0A58 /* MediaCollectionViewCell.swift in Sources */ = {isa = PBXBuildFile; fileRef = 53BDF6E51BB27A90003C0A58 /* MediaCollectionViewCell.swift */; settings = {ASSET_TAGS = (); }; };
/* End PBXBuildFile section */

/* Begin PBXContainerItemProxy section */
		53BDF6C31BB25002003C0A58 /* PBXContainerItemProxy */ = {
			isa = PBXContainerItemProxy;
			containerPortal = 53BDF6A61BB25002003C0A58 /* Project object */;
			proxyType = 1;
			remoteGlobalIDString = 53BDF6AD1BB25002003C0A58;
			remoteInfo = PhotoAlbumBrowser;
		};
		53BDF6CE1BB25003003C0A58 /* PBXContainerItemProxy */ = {
			isa = PBXContainerItemProxy;
			containerPortal = 53BDF6A61BB25002003C0A58 /* Project object */;
			proxyType = 1;
			remoteGlobalIDString = 53BDF6AD1BB25002003C0A58;
			remoteInfo = PhotoAlbumBrowser;
		};
/* End PBXContainerItemProxy section */

/* Begin PBXFileReference section */
		53BDF6AE1BB25002003C0A58 /* PhotoAlbumBrowser.app */ = {isa = PBXFileReference; explicitFileType = wrapper.application; includeInIndex = 0; path = PhotoAlbumBrowser.app; sourceTree = BUILT_PRODUCTS_DIR; };
		53BDF6B11BB25002003C0A58 /* AppDelegate.swift */ = {isa = PBXFileReference; lastKnownFileType = sourcecode.swift; path = AppDelegate.swift; sourceTree = "<group>"; };
		53BDF6B31BB25002003C0A58 /* ViewController.swift */ = {isa = PBXFileReference; lastKnownFileType = sourcecode.swift; path = ViewController.swift; sourceTree = "<group>"; };
		53BDF6B61BB25002003C0A58 /* Base */ = {isa = PBXFileReference; lastKnownFileType = file.storyboard; name = Base; path = Base.lproj/Main.storyboard; sourceTree = "<group>"; };
		53BDF6B81BB25002003C0A58 /* Assets.xcassets */ = {isa = PBXFileReference; lastKnownFileType = folder.assetcatalog; path = Assets.xcassets; sourceTree = "<group>"; };
		53BDF6BB1BB25002003C0A58 /* Base */ = {isa = PBXFileReference; lastKnownFileType = file.storyboard; name = Base; path = Base.lproj/LaunchScreen.storyboard; sourceTree = "<group>"; };
		53BDF6BD1BB25002003C0A58 /* Info.plist */ = {isa = PBXFileReference; lastKnownFileType = text.plist.xml; path = Info.plist; sourceTree = "<group>"; };
		53BDF6C21BB25002003C0A58 /* PhotoAlbumBrowserTests.xctest */ = {isa = PBXFileReference; explicitFileType = wrapper.cfbundle; includeInIndex = 0; path = PhotoAlbumBrowserTests.xctest; sourceTree = BUILT_PRODUCTS_DIR; };
		53BDF6C61BB25002003C0A58 /* PhotoAlbumBrowserTests.swift */ = {isa = PBXFileReference; lastKnownFileType = sourcecode.swift; path = PhotoAlbumBrowserTests.swift; sourceTree = "<group>"; };
		53BDF6C81BB25002003C0A58 /* Info.plist */ = {isa = PBXFileReference; lastKnownFileType = text.plist.xml; path = Info.plist; sourceTree = "<group>"; };
		53BDF6CD1BB25003003C0A58 /* PhotoAlbumBrowserUITests.xctest */ = {isa = PBXFileReference; explicitFileType = wrapper.cfbundle; includeInIndex = 0; path = PhotoAlbumBrowserUITests.xctest; sourceTree = BUILT_PRODUCTS_DIR; };
		53BDF6D11BB25003003C0A58 /* PhotoAlbumBrowserUITests.swift */ = {isa = PBXFileReference; lastKnownFileType = sourcecode.swift; path = PhotoAlbumBrowserUITests.swift; sourceTree = "<group>"; };
		53BDF6D31BB25003003C0A58 /* Info.plist */ = {isa = PBXFileReference; lastKnownFileType = text.plist.xml; path = Info.plist; sourceTree = "<group>"; };
		53BDF6DF1BB2530E003C0A58 /* Photos.framework */ = {isa = PBXFileReference; lastKnownFileType = wrapper.framework; name = Photos.framework; path = System/Library/Frameworks/Photos.framework; sourceTree = SDKROOT; };
		53BDF6E11BB27989003C0A58 /* ListMediaViewcontrollerViewController.swift */ = {isa = PBXFileReference; fileEncoding = 4; lastKnownFileType = sourcecode.swift; path = ListMediaViewcontrollerViewController.swift; sourceTree = "<group>"; };
		53BDF6E51BB27A90003C0A58 /* MediaCollectionViewCell.swift */ = {isa = PBXFileReference; fileEncoding = 4; lastKnownFileType = sourcecode.swift; path = MediaCollectionViewCell.swift; sourceTree = "<group>"; };
/* End PBXFileReference section */

/* Begin PBXFrameworksBuildPhase section */
		53BDF6AB1BB25002003C0A58 /* Frameworks */ = {
			isa = PBXFrameworksBuildPhase;
			buildActionMask = 2147483647;
			files = (
				53BDF6E01BB2530E003C0A58 /* Photos.framework in Frameworks */,
			);
			runOnlyForDeploymentPostprocessing = 0;
		};
		53BDF6BF1BB25002003C0A58 /* Frameworks */ = {
			isa = PBXFrameworksBuildPhase;
			buildActionMask = 2147483647;
			files = (
			);
			runOnlyForDeploymentPostprocessing = 0;
		};
		53BDF6CA1BB25002003C0A58 /* Frameworks */ = {
			isa = PBXFrameworksBuildPhase;
			buildActionMask = 2147483647;
			files = (
			);
			runOnlyForDeploymentPostprocessing = 0;
		};
/* End PBXFrameworksBuildPhase section */

/* Begin PBXGroup section */
		53BDF6A51BB25002003C0A58 = {
			isa = PBXGroup;
			children = (
				53BDF6DF1BB2530E003C0A58 /* Photos.framework */,
				53BDF6B01BB25002003C0A58 /* PhotoAlbumBrowser */,
				53BDF6C51BB25002003C0A58 /* PhotoAlbumBrowserTests */,
				53BDF6D01BB25003003C0A58 /* PhotoAlbumBrowserUITests */,
				53BDF6AF1BB25002003C0A58 /* Products */,
			);
			sourceTree = "<group>";
		};
		53BDF6AF1BB25002003C0A58 /* Products */ = {
			isa = PBXGroup;
			children = (
				53BDF6AE1BB25002003C0A58 /* PhotoAlbumBrowser.app */,
				53BDF6C21BB25002003C0A58 /* PhotoAlbumBrowserTests.xctest */,
				53BDF6CD1BB25003003C0A58 /* PhotoAlbumBrowserUITests.xctest */,
			);
			name = Products;
			sourceTree = "<group>";
		};
		53BDF6B01BB25002003C0A58 /* PhotoAlbumBrowser */ = {
			isa = PBXGroup;
			children = (
				53BDF6B11BB25002003C0A58 /* AppDelegate.swift */,
				53BDF6B31BB25002003C0A58 /* ViewController.swift */,
				53BDF6E11BB27989003C0A58 /* ListMediaViewcontrollerViewController.swift */,
				53BDF6E51BB27A90003C0A58 /* MediaCollectionViewCell.swift */,
				53BDF6B51BB25002003C0A58 /* Main.storyboard */,
				53BDF6B81BB25002003C0A58 /* Assets.xcassets */,
				53BDF6BA1BB25002003C0A58 /* LaunchScreen.storyboard */,
				53BDF6BD1BB25002003C0A58 /* Info.plist */,
			);
			path = PhotoAlbumBrowser;
			sourceTree = "<group>";
		};
		53BDF6C51BB25002003C0A58 /* PhotoAlbumBrowserTests */ = {
			isa = PBXGroup;
			children = (
				53BDF6C61BB25002003C0A58 /* PhotoAlbumBrowserTests.swift */,
				53BDF6C81BB25002003C0A58 /* Info.plist */,
			);
			path = PhotoAlbumBrowserTests;
			sourceTree = "<group>";
		};
		53BDF6D01BB25003003C0A58 /* PhotoAlbumBrowserUITests */ = {
			isa = PBXGroup;
			children = (
				53BDF6D11BB25003003C0A58 /* PhotoAlbumBrowserUITests.swift */,
				53BDF6D31BB25003003C0A58 /* Info.plist */,
			);
			path = PhotoAlbumBrowserUITests;
			sourceTree = "<group>";
		};
/* End PBXGroup section */

/* Begin PBXNativeTarget section */
		53BDF6AD1BB25002003C0A58 /* PhotoAlbumBrowser */ = {
			isa = PBXNativeTarget;
			buildConfigurationList = 53BDF6D61BB25003003C0A58 /* Build configuration list for PBXNativeTarget "PhotoAlbumBrowser" */;
			buildPhases = (
				53BDF6AA1BB25002003C0A58 /* Sources */,
				53BDF6AB1BB25002003C0A58 /* Frameworks */,
				53BDF6AC1BB25002003C0A58 /* Resources */,
			);
			buildRules = (
			);
			dependencies = (
			);
			name = PhotoAlbumBrowser;
			productName = PhotoAlbumBrowser;
			productReference = 53BDF6AE1BB25002003C0A58 /* PhotoAlbumBrowser.app */;
			productType = "com.apple.product-type.application";
		};
		53BDF6C11BB25002003C0A58 /* PhotoAlbumBrowserTests */ = {
			isa = PBXNativeTarget;
			buildConfigurationList = 53BDF6D91BB25003003C0A58 /* Build configuration list for PBXNativeTarget "PhotoAlbumBrowserTests" */;
			buildPhases = (
				53BDF6BE1BB25002003C0A58 /* Sources */,
				53BDF6BF1BB25002003C0A58 /* Frameworks */,
				53BDF6C01BB25002003C0A58 /* Resources */,
			);
			buildRules = (
			);
			dependencies = (
				53BDF6C41BB25002003C0A58 /* PBXTargetDependency */,
			);
			name = PhotoAlbumBrowserTests;
			productName = PhotoAlbumBrowserTests;
			productReference = 53BDF6C21BB25002003C0A58 /* PhotoAlbumBrowserTests.xctest */;
			productType = "com.apple.product-type.bundle.unit-test";
		};
		53BDF6CC1BB25002003C0A58 /* PhotoAlbumBrowserUITests */ = {
			isa = PBXNativeTarget;
			buildConfigurationList = 53BDF6DC1BB25003003C0A58 /* Build configuration list for PBXNativeTarget "PhotoAlbumBrowserUITests" */;
			buildPhases = (
				53BDF6C91BB25002003C0A58 /* Sources */,
				53BDF6CA1BB25002003C0A58 /* Frameworks */,
				53BDF6CB1BB25002003C0A58 /* Resources */,
			);
			buildRules = (
			);
			dependencies = (
				53BDF6CF1BB25003003C0A58 /* PBXTargetDependency */,
			);
			name = PhotoAlbumBrowserUITests;
			productName = PhotoAlbumBrowserUITests;
			productReference = 53BDF6CD1BB25003003C0A58 /* PhotoAlbumBrowserUITests.xctest */;
			productType = "com.apple.product-type.bundle.ui-testing";
		};
/* End PBXNativeTarget section */

/* Begin PBXProject section */
		53BDF6A61BB25002003C0A58 /* Project object */ = {
			isa = PBXProject;
			attributes = {
				LastUpgradeCheck = 0700;
				ORGANIZATIONNAME = KZ;
				TargetAttributes = {
					53BDF6AD1BB25002003C0A58 = {
						CreatedOnToolsVersion = 7.0;
					};
					53BDF6C11BB25002003C0A58 = {
						CreatedOnToolsVersion = 7.0;
						TestTargetID = 53BDF6AD1BB25002003C0A58;
					};
					53BDF6CC1BB25002003C0A58 = {
						CreatedOnToolsVersion = 7.0;
						TestTargetID = 53BDF6AD1BB25002003C0A58;
					};
				};
			};
			buildConfigurationList = 53BDF6A91BB25002003C0A58 /* Build configuration list for PBXProject "PhotoAlbumBrowser" */;
			compatibilityVersion = "Xcode 3.2";
			developmentRegion = English;
			hasScannedForEncodings = 0;
			knownRegions = (
				en,
				Base,
			);
			mainGroup = 53BDF6A51BB25002003C0A58;
			productRefGroup = 53BDF6AF1BB25002003C0A58 /* Products */;
			projectDirPath = "";
			projectRoot = "";
			targets = (
				53BDF6AD1BB25002003C0A58 /* PhotoAlbumBrowser */,
				53BDF6C11BB25002003C0A58 /* PhotoAlbumBrowserTests */,
				53BDF6CC1BB25002003C0A58 /* PhotoAlbumBrowserUITests */,
			);
		};
/* End PBXProject section */

/* Begin PBXResourcesBuildPhase section */
		53BDF6AC1BB25002003C0A58 /* Resources */ = {
			isa = PBXResourcesBuildPhase;
			buildActionMask = 2147483647;
			files = (
				53BDF6BC1BB25002003C0A58 /* LaunchScreen.storyboard in Resources */,
				53BDF6B91BB25002003C0A58 /* Assets.xcassets in Resources */,
				53BDF6B71BB25002003C0A58 /* Main.storyboard in Resources */,
			);
			runOnlyForDeploymentPostprocessing = 0;
		};
		53BDF6C01BB25002003C0A58 /* Resources */ = {
			isa = PBXResourcesBuildPhase;
			buildActionMask = 2147483647;
			files = (
			);
			runOnlyForDeploymentPostprocessing = 0;
		};
		53BDF6CB1BB25002003C0A58 /* Resources */ = {
			isa = PBXResourcesBuildPhase;
			buildActionMask = 2147483647;
			files = (
			);
			runOnlyForDeploymentPostprocessing = 0;
		};
/* End PBXResourcesBuildPhase section */

/* Begin PBXSourcesBuildPhase section */
		53BDF6AA1BB25002003C0A58 /* Sources */ = {
			isa = PBXSourcesBuildPhase;
			buildActionMask = 2147483647;
			files = (
				53BDF6B41BB25002003C0A58 /* ViewController.swift in Sources */,
				53BDF6B21BB25002003C0A58 /* AppDelegate.swift in Sources */,
				53BDF6E21BB27989003C0A58 /* ListMediaViewcontrollerViewController.swift in Sources */,
				53BDF6E61BB27A90003C0A58 /* MediaCollectionViewCell.swift in Sources */,
			);
			runOnlyForDeploymentPostprocessing = 0;
		};
		53BDF6BE1BB25002003C0A58 /* Sources */ = {
			isa = PBXSourcesBuildPhase;
			buildActionMask = 2147483647;
			files = (
				53BDF6E31BB27989003C0A58 /* ListMediaViewcontrollerViewController.swift in Sources */,
				53BDF6E71BB27A90003C0A58 /* MediaCollectionViewCell.swift in Sources */,
				53BDF6C71BB25002003C0A58 /* PhotoAlbumBrowserTests.swift in Sources */,
			);
			runOnlyForDeploymentPostprocessing = 0;
		};
		53BDF6C91BB25002003C0A58 /* Sources */ = {
			isa = PBXSourcesBuildPhase;
			buildActionMask = 2147483647;
			files = (
				53BDF6E41BB27989003C0A58 /* ListMediaViewcontrollerViewController.swift in Sources */,
				53BDF6E81BB27A90003C0A58 /* MediaCollectionViewCell.swift in Sources */,
				53BDF6D21BB25003003C0A58 /* PhotoAlbumBrowserUITests.swift in Sources */,
			);
			runOnlyForDeploymentPostprocessing = 0;
		};
/* End PBXSourcesBuildPhase section */

/* Begin PBXTargetDependency section */
		53BDF6C41BB25002003C0A58 /* PBXTargetDependency */ = {
			isa = PBXTargetDependency;
			target = 53BDF6AD1BB25002003C0A58 /* PhotoAlbumBrowser */;
			targetProxy = 53BDF6C31BB25002003C0A58 /* PBXContainerItemProxy */;
		};
		53BDF6CF1BB25003003C0A58 /* PBXTargetDependency */ = {
			isa = PBXTargetDependency;
			target = 53BDF6AD1BB25002003C0A58 /* PhotoAlbumBrowser */;
			targetProxy = 53BDF6CE1BB25003003C0A58 /* PBXContainerItemProxy */;
		};
/* End PBXTargetDependency section */

/* Begin PBXVariantGroup section */
		53BDF6B51BB25002003C0A58 /* Main.storyboard */ = {
			isa = PBXVariantGroup;
			children = (
				53BDF6B61BB25002003C0A58 /* Base */,
			);
			name = Main.storyboard;
			sourceTree = "<group>";
		};
		53BDF6BA1BB25002003C0A58 /* LaunchScreen.storyboard */ = {
			isa = PBXVariantGroup;
			children = (
				53BDF6BB1BB25002003C0A58 /* Base */,
			);
			name = LaunchScreen.storyboard;
			sourceTree = "<group>";
		};
/* End PBXVariantGroup section */

/* Begin XCBuildConfiguration section */
		53BDF6D41BB25003003C0A58 /* Debug */ = {
			isa = XCBuildConfiguration;
			buildSettings = {
				ALWAYS_SEARCH_USER_PATHS = NO;
				CLANG_CXX_LANGUAGE_STANDARD = "gnu++0x";
				CLANG_CXX_LIBRARY = "libc++";
				CLANG_ENABLE_MODULES = YES;
				CLANG_ENABLE_OBJC_ARC = YES;
				CLANG_WARN_BOOL_CONVERSION = YES;
				CLANG_WARN_CONSTANT_CONVERSION = YES;
				CLANG_WARN_DIRECT_OBJC_ISA_USAGE = YES_ERROR;
				CLANG_WARN_EMPTY_BODY = YES;
				CLANG_WARN_ENUM_CONVERSION = YES;
				CLANG_WARN_INT_CONVERSION = YES;
				CLANG_WARN_OBJC_ROOT_CLASS = YES_ERROR;
				CLANG_WARN_UNREACHABLE_CODE = YES;
				CLANG_WARN__DUPLICATE_METHOD_MATCH = YES;
				"CODE_SIGN_IDENTITY[sdk=iphoneos*]" = "iPhone Developer";
				COPY_PHASE_STRIP = NO;
				DEBUG_INFORMATION_FORMAT = dwarf;
				ENABLE_STRICT_OBJC_MSGSEND = YES;
				ENABLE_TESTABILITY = YES;
				GCC_C_LANGUAGE_STANDARD = gnu99;
				GCC_DYNAMIC_NO_PIC = NO;
				GCC_NO_COMMON_BLOCKS = YES;
				GCC_OPTIMIZATION_LEVEL = 0;
				GCC_PREPROCESSOR_DEFINITIONS = (
					"DEBUG=1",
					"$(inherited)",
				);
				GCC_WARN_64_TO_32_BIT_CONVERSION = YES;
				GCC_WARN_ABOUT_RETURN_TYPE = YES_ERROR;
				GCC_WARN_UNDECLARED_SELECTOR = YES;
				GCC_WARN_UNINITIALIZED_AUTOS = YES_AGGRESSIVE;
				GCC_WARN_UNUSED_FUNCTION = YES;
				GCC_WARN_UNUSED_VARIABLE = YES;
				IPHONEOS_DEPLOYMENT_TARGET = 9.0;
				MTL_ENABLE_DEBUG_INFO = YES;
				ONLY_ACTIVE_ARCH = YES;
				SDKROOT = iphoneos;
				SWIFT_OPTIMIZATION_LEVEL = "-Onone";
			};
			name = Debug;
		};
		53BDF6D51BB25003003C0A58 /* Release */ = {
			isa = XCBuildConfiguration;
			buildSettings = {
				ALWAYS_SEARCH_USER_PATHS = NO;
				CLANG_CXX_LANGUAGE_STANDARD = "gnu++0x";
				CLANG_CXX_LIBRARY = "libc++";
				CLANG_ENABLE_MODULES = YES;
				CLANG_ENABLE_OBJC_ARC = YES;
				CLANG_WARN_BOOL_CONVERSION = YES;
				CLANG_WARN_CONSTANT_CONVERSION = YES;
				CLANG_WARN_DIRECT_OBJC_ISA_USAGE = YES_ERROR;
				CLANG_WARN_EMPTY_BODY = YES;
				CLANG_WARN_ENUM_CONVERSION = YES;
				CLANG_WARN_INT_CONVERSION = YES;
				CLANG_WARN_OBJC_ROOT_CLASS = YES_ERROR;
				CLANG_WARN_UNREACHABLE_CODE = YES;
				CLANG_WARN__DUPLICATE_METHOD_MATCH = YES;
				"CODE_SIGN_IDENTITY[sdk=iphoneos*]" = "iPhone Developer";
				COPY_PHASE_STRIP = NO;
				DEBUG_INFORMATION_FORMAT = "dwarf-with-dsym";
				ENABLE_NS_ASSERTIONS = NO;
				ENABLE_STRICT_OBJC_MSGSEND = YES;
				GCC_C_LANGUAGE_STANDARD = gnu99;
				GCC_NO_COMMON_BLOCKS = YES;
				GCC_WARN_64_TO_32_BIT_CONVERSION = YES;
				GCC_WARN_ABOUT_RETURN_TYPE = YES_ERROR;
				GCC_WARN_UNDECLARED_SELECTOR = YES;
				GCC_WARN_UNINITIALIZED_AUTOS = YES_AGGRESSIVE;
				GCC_WARN_UNUSED_FUNCTION = YES;
				GCC_WARN_UNUSED_VARIABLE = YES;
				IPHONEOS_DEPLOYMENT_TARGET = 9.0;
				MTL_ENABLE_DEBUG_INFO = NO;
				SDKROOT = iphoneos;
				VALIDATE_PRODUCT = YES;
			};
			name = Release;
		};
		53BDF6D71BB25003003C0A58 /* Debug */ = {
			isa = XCBuildConfiguration;
			buildSettings = {
				ASSETCATALOG_COMPILER_APPICON_NAME = AppIcon;
				INFOPLIST_FILE = PhotoAlbumBrowser/Info.plist;
				LD_RUNPATH_SEARCH_PATHS = "$(inherited) @executable_path/Frameworks";
				PRODUCT_BUNDLE_IDENTIFIER = com.MySelf.PhotoAlbumBrowser;
				PRODUCT_NAME = "$(TARGET_NAME)";
			};
			name = Debug;
		};
		53BDF6D81BB25003003C0A58 /* Release */ = {
			isa = XCBuildConfiguration;
			buildSettings = {
				ASSETCATALOG_COMPILER_APPICON_NAME = AppIcon;
				INFOPLIST_FILE = PhotoAlbumBrowser/Info.plist;
				LD_RUNPATH_SEARCH_PATHS = "$(inherited) @executable_path/Frameworks";
				PRODUCT_BUNDLE_IDENTIFIER = com.MySelf.PhotoAlbumBrowser;
				PRODUCT_NAME = "$(TARGET_NAME)";
			};
			name = Release;
		};
		53BDF6DA1BB25003003C0A58 /* Debug */ = {
			isa = XCBuildConfiguration;
			buildSettings = {
				BUNDLE_LOADER = "$(TEST_HOST)";
				INFOPLIST_FILE = PhotoAlbumBrowserTests/Info.plist;
				LD_RUNPATH_SEARCH_PATHS = "$(inherited) @executable_path/Frameworks @loader_path/Frameworks";
				PRODUCT_BUNDLE_IDENTIFIER = com.MySelf.PhotoAlbumBrowserTests;
				PRODUCT_NAME = "$(TARGET_NAME)";
				TEST_HOST = "$(BUILT_PRODUCTS_DIR)/PhotoAlbumBrowser.app/PhotoAlbumBrowser";
			};
			name = Debug;
		};
		53BDF6DB1BB25003003C0A58 /* Release */ = {
			isa = XCBuildConfiguration;
			buildSettings = {
				BUNDLE_LOADER = "$(TEST_HOST)";
				INFOPLIST_FILE = PhotoAlbumBrowserTests/Info.plist;
				LD_RUNPATH_SEARCH_PATHS = "$(inherited) @executable_path/Frameworks @loader_path/Frameworks";
				PRODUCT_BUNDLE_IDENTIFIER = com.MySelf.PhotoAlbumBrowserTests;
				PRODUCT_NAME = "$(TARGET_NAME)";
				TEST_HOST = "$(BUILT_PRODUCTS_DIR)/PhotoAlbumBrowser.app/PhotoAlbumBrowser";
			};
			name = Release;
		};
		53BDF6DD1BB25003003C0A58 /* Debug */ = {
			isa = XCBuildConfiguration;
			buildSettings = {
				INFOPLIST_FILE = PhotoAlbumBrowserUITests/Info.plist;
				LD_RUNPATH_SEARCH_PATHS = "$(inherited) @executable_path/Frameworks @loader_path/Frameworks";
				PRODUCT_BUNDLE_IDENTIFIER = com.MySelf.PhotoAlbumBrowserUITests;
				PRODUCT_NAME = "$(TARGET_NAME)";
				TEST_TARGET_NAME = PhotoAlbumBrowser;
				USES_XCTRUNNER = YES;
			};
			name = Debug;
		};
		53BDF6DE1BB25003003C0A58 /* Release */ = {
			isa = XCBuildConfiguration;
			buildSettings = {
				INFOPLIST_FILE = PhotoAlbumBrowserUITests/Info.plist;
				LD_RUNPATH_SEARCH_PATHS = "$(inherited) @executable_path/Frameworks @loader_path/Frameworks";
				PRODUCT_BUNDLE_IDENTIFIER = com.MySelf.PhotoAlbumBrowserUITests;
				PRODUCT_NAME = "$(TARGET_NAME)";
				TEST_TARGET_NAME = PhotoAlbumBrowser;
				USES_XCTRUNNER = YES;
			};
			name = Release;
		};
/* End XCBuildConfiguration section */

/* Begin XCConfigurationList section */
		53BDF6A91BB25002003C0A58 /* Build configuration list for PBXProject "PhotoAlbumBrowser" */ = {
			isa = XCConfigurationList;
			buildConfigurations = (
				53BDF6D41BB25003003C0A58 /* Debug */,
				53BDF6D51BB25003003C0A58 /* Release */,
			);
			defaultConfigurationIsVisible = 0;
			defaultConfigurationName = Release;
		};
		53BDF6D61BB25003003C0A58 /* Build configuration list for PBXNativeTarget "PhotoAlbumBrowser" */ = {
			isa = XCConfigurationList;
			buildConfigurations = (
				53BDF6D71BB25003003C0A58 /* Debug */,
				53BDF6D81BB25003003C0A58 /* Release */,
			);
			defaultConfigurationIsVisible = 0;
		};
		53BDF6D91BB25003003C0A58 /* Build configuration list for PBXNativeTarget "PhotoAlbumBrowserTests" */ = {
			isa = XCConfigurationList;
			buildConfigurations = (
				53BDF6DA1BB25003003C0A58 /* Debug */,
				53BDF6DB1BB25003003C0A58 /* Release */,
			);
			defaultConfigurationIsVisible = 0;
		};
		53BDF6DC1BB25003003C0A58 /* Build configuration list for PBXNativeTarget "PhotoAlbumBrowserUITests" */ = {
			isa = XCConfigurationList;
			buildConfigurations = (
				53BDF6DD1BB25003003C0A58 /* Debug */,
				53BDF6DE1BB25003003C0A58 /* Release */,
			);
			defaultConfigurationIsVisible = 0;
		};
/* End XCConfigurationList section */
	};
	rootObject = 53BDF6A61BB25002003C0A58 /* Project object */;
}
